// !$*UTF8*$!
{
	archiveVersion = 1;
	classes = {
	};
	objectVersion = 50;
	objects = {

/* Begin PBXBuildFile section */
		725DC14C24D2B04900D54A4F /* EssentialFeed.framework in Frameworks */ = {isa = PBXBuildFile; fileRef = 725DC14224D2B04900D54A4F /* EssentialFeed.framework */; };
		725DC15324D2B04900D54A4F /* EssentialFeed.h in Headers */ = {isa = PBXBuildFile; fileRef = 725DC14524D2B04900D54A4F /* EssentialFeed.h */; settings = {ATTRIBUTES = (Public, ); }; };
		725DC15E24D2B0CD00D54A4F /* FeedItem.swift in Sources */ = {isa = PBXBuildFile; fileRef = 725DC15D24D2B0CD00D54A4F /* FeedItem.swift */; };
		725DC16024D2B12D00D54A4F /* FeedLoader.swift in Sources */ = {isa = PBXBuildFile; fileRef = 725DC15F24D2B12D00D54A4F /* FeedLoader.swift */; };
		725DC16524D2BCBE00D54A4F /* RemoteFeedLoaderTests.swift in Sources */ = {isa = PBXBuildFile; fileRef = 725DC16424D2BCBE00D54A4F /* RemoteFeedLoaderTests.swift */; };
		725DC16824D2F99100D54A4F /* RemoteFeedLoader.swift in Sources */ = {isa = PBXBuildFile; fileRef = 725DC16724D2F99100D54A4F /* RemoteFeedLoader.swift */; };
		725DC16A24D4D58200D54A4F /* HTTPClient.swift in Sources */ = {isa = PBXBuildFile; fileRef = 725DC16924D4D58200D54A4F /* HTTPClient.swift */; };
		725DC16C24D4D5E000D54A4F /* FeedItemMapper.swift in Sources */ = {isa = PBXBuildFile; fileRef = 725DC16B24D4D5E000D54A4F /* FeedItemMapper.swift */; };
		725DC16F24D6C60100D54A4F /* URLSessionHTTPClientTests.swift in Sources */ = {isa = PBXBuildFile; fileRef = 725DC16E24D6C60100D54A4F /* URLSessionHTTPClientTests.swift */; };
/* End PBXBuildFile section */

/* Begin PBXContainerItemProxy section */
		725DC14D24D2B04900D54A4F /* PBXContainerItemProxy */ = {
			isa = PBXContainerItemProxy;
			containerPortal = 725DC13924D2B04900D54A4F /* Project object */;
			proxyType = 1;
			remoteGlobalIDString = 725DC14124D2B04900D54A4F;
			remoteInfo = EssentialFeed;
		};
/* End PBXContainerItemProxy section */

/* Begin PBXFileReference section */
		725DC14224D2B04900D54A4F /* EssentialFeed.framework */ = {isa = PBXFileReference; explicitFileType = wrapper.framework; includeInIndex = 0; path = EssentialFeed.framework; sourceTree = BUILT_PRODUCTS_DIR; };
		725DC14524D2B04900D54A4F /* EssentialFeed.h */ = {isa = PBXFileReference; lastKnownFileType = sourcecode.c.h; path = EssentialFeed.h; sourceTree = "<group>"; };
		725DC14624D2B04900D54A4F /* Info.plist */ = {isa = PBXFileReference; lastKnownFileType = text.plist.xml; path = Info.plist; sourceTree = "<group>"; };
		725DC14B24D2B04900D54A4F /* EssentialFeedTests.xctest */ = {isa = PBXFileReference; explicitFileType = wrapper.cfbundle; includeInIndex = 0; path = EssentialFeedTests.xctest; sourceTree = BUILT_PRODUCTS_DIR; };
		725DC15224D2B04900D54A4F /* Info.plist */ = {isa = PBXFileReference; lastKnownFileType = text.plist.xml; path = Info.plist; sourceTree = "<group>"; };
		725DC15D24D2B0CD00D54A4F /* FeedItem.swift */ = {isa = PBXFileReference; lastKnownFileType = sourcecode.swift; path = FeedItem.swift; sourceTree = "<group>"; };
		725DC15F24D2B12D00D54A4F /* FeedLoader.swift */ = {isa = PBXFileReference; lastKnownFileType = sourcecode.swift; path = FeedLoader.swift; sourceTree = "<group>"; };
		725DC16324D2BCBD00D54A4F /* EssentialFeedTests-Bridging-Header.h */ = {isa = PBXFileReference; lastKnownFileType = sourcecode.c.h; path = "EssentialFeedTests-Bridging-Header.h"; sourceTree = "<group>"; };
		725DC16424D2BCBE00D54A4F /* RemoteFeedLoaderTests.swift */ = {isa = PBXFileReference; lastKnownFileType = sourcecode.swift; path = RemoteFeedLoaderTests.swift; sourceTree = "<group>"; };
		725DC16724D2F99100D54A4F /* RemoteFeedLoader.swift */ = {isa = PBXFileReference; lastKnownFileType = sourcecode.swift; path = RemoteFeedLoader.swift; sourceTree = "<group>"; };
		725DC16924D4D58200D54A4F /* HTTPClient.swift */ = {isa = PBXFileReference; lastKnownFileType = sourcecode.swift; path = HTTPClient.swift; sourceTree = "<group>"; };
		725DC16B24D4D5E000D54A4F /* FeedItemMapper.swift */ = {isa = PBXFileReference; lastKnownFileType = sourcecode.swift; path = FeedItemMapper.swift; sourceTree = "<group>"; };
		725DC16E24D6C60100D54A4F /* URLSessionHTTPClientTests.swift */ = {isa = PBXFileReference; lastKnownFileType = sourcecode.swift; path = URLSessionHTTPClientTests.swift; sourceTree = "<group>"; };
/* End PBXFileReference section */

/* Begin PBXFrameworksBuildPhase section */
		725DC13F24D2B04900D54A4F /* Frameworks */ = {
			isa = PBXFrameworksBuildPhase;
			buildActionMask = 2147483647;
			files = (
			);
			runOnlyForDeploymentPostprocessing = 0;
		};
		725DC14824D2B04900D54A4F /* Frameworks */ = {
			isa = PBXFrameworksBuildPhase;
			buildActionMask = 2147483647;
			files = (
				725DC14C24D2B04900D54A4F /* EssentialFeed.framework in Frameworks */,
			);
			runOnlyForDeploymentPostprocessing = 0;
		};
/* End PBXFrameworksBuildPhase section */

/* Begin PBXGroup section */
		725DC13824D2B04900D54A4F = {
			isa = PBXGroup;
			children = (
				725DC14424D2B04900D54A4F /* EssentialFeed */,
				725DC14F24D2B04900D54A4F /* EssentialFeedTests */,
				725DC14324D2B04900D54A4F /* Products */,
			);
			sourceTree = "<group>";
		};
		725DC14324D2B04900D54A4F /* Products */ = {
			isa = PBXGroup;
			children = (
				725DC14224D2B04900D54A4F /* EssentialFeed.framework */,
				725DC14B24D2B04900D54A4F /* EssentialFeedTests.xctest */,
			);
			name = Products;
			sourceTree = "<group>";
		};
		725DC14424D2B04900D54A4F /* EssentialFeed */ = {
			isa = PBXGroup;
			children = (
				725DC14524D2B04900D54A4F /* EssentialFeed.h */,
				725DC16224D2B1F700D54A4F /* Feed Feature */,
				725DC16624D2F98200D54A4F /* Feed Api */,
				725DC14624D2B04900D54A4F /* Info.plist */,
			);
			path = EssentialFeed;
			sourceTree = "<group>";
		};
		725DC14F24D2B04900D54A4F /* EssentialFeedTests */ = {
			isa = PBXGroup;
			children = (
				725DC15224D2B04900D54A4F /* Info.plist */,
				725DC16D24D4E01A00D54A4F /* Feed API */,
				725DC16324D2BCBD00D54A4F /* EssentialFeedTests-Bridging-Header.h */,
			);
			path = EssentialFeedTests;
			sourceTree = "<group>";
		};
		725DC16224D2B1F700D54A4F /* Feed Feature */ = {
			isa = PBXGroup;
			children = (
				725DC15F24D2B12D00D54A4F /* FeedLoader.swift */,
				725DC15D24D2B0CD00D54A4F /* FeedItem.swift */,
			);
			path = "Feed Feature";
			sourceTree = "<group>";
		};
		725DC16624D2F98200D54A4F /* Feed Api */ = {
			isa = PBXGroup;
			children = (
				725DC16724D2F99100D54A4F /* RemoteFeedLoader.swift */,
				725DC16B24D4D5E000D54A4F /* FeedItemMapper.swift */,
				725DC16924D4D58200D54A4F /* HTTPClient.swift */,
			);
			path = "Feed Api";
			sourceTree = "<group>";
		};
		725DC16D24D4E01A00D54A4F /* Feed API */ = {
			isa = PBXGroup;
			children = (
				725DC16424D2BCBE00D54A4F /* RemoteFeedLoaderTests.swift */,
				725DC16E24D6C60100D54A4F /* URLSessionHTTPClientTests.swift */,
			);
			path = "Feed API";
			sourceTree = "<group>";
		};
/* End PBXGroup section */

/* Begin PBXHeadersBuildPhase section */
		725DC13D24D2B04900D54A4F /* Headers */ = {
			isa = PBXHeadersBuildPhase;
			buildActionMask = 2147483647;
			files = (
				725DC15324D2B04900D54A4F /* EssentialFeed.h in Headers */,
			);
			runOnlyForDeploymentPostprocessing = 0;
		};
/* End PBXHeadersBuildPhase section */

/* Begin PBXNativeTarget section */
		725DC14124D2B04900D54A4F /* EssentialFeed */ = {
			isa = PBXNativeTarget;
			buildConfigurationList = 725DC15624D2B04900D54A4F /* Build configuration list for PBXNativeTarget "EssentialFeed" */;
			buildPhases = (
				725DC13D24D2B04900D54A4F /* Headers */,
				725DC13E24D2B04900D54A4F /* Sources */,
				725DC13F24D2B04900D54A4F /* Frameworks */,
				725DC14024D2B04900D54A4F /* Resources */,
			);
			buildRules = (
			);
			dependencies = (
			);
			name = EssentialFeed;
			productName = EssentialFeed;
			productReference = 725DC14224D2B04900D54A4F /* EssentialFeed.framework */;
			productType = "com.apple.product-type.framework";
		};
		725DC14A24D2B04900D54A4F /* EssentialFeedTests */ = {
			isa = PBXNativeTarget;
			buildConfigurationList = 725DC15924D2B04900D54A4F /* Build configuration list for PBXNativeTarget "EssentialFeedTests" */;
			buildPhases = (
				725DC14724D2B04900D54A4F /* Sources */,
				725DC14824D2B04900D54A4F /* Frameworks */,
				725DC14924D2B04900D54A4F /* Resources */,
			);
			buildRules = (
			);
			dependencies = (
				725DC14E24D2B04900D54A4F /* PBXTargetDependency */,
			);
			name = EssentialFeedTests;
			productName = EssentialFeedTests;
			productReference = 725DC14B24D2B04900D54A4F /* EssentialFeedTests.xctest */;
			productType = "com.apple.product-type.bundle.unit-test";
		};
/* End PBXNativeTarget section */

/* Begin PBXProject section */
		725DC13924D2B04900D54A4F /* Project object */ = {
			isa = PBXProject;
			attributes = {
				LastSwiftUpdateCheck = 1160;
				LastUpgradeCheck = 1160;
				ORGANIZATIONNAME = chihyinwang;
				TargetAttributes = {
					725DC14124D2B04900D54A4F = {
						CreatedOnToolsVersion = 11.6;
						LastSwiftMigration = 1160;
					};
					725DC14A24D2B04900D54A4F = {
						CreatedOnToolsVersion = 11.6;
						LastSwiftMigration = 1160;
					};
				};
			};
			buildConfigurationList = 725DC13C24D2B04900D54A4F /* Build configuration list for PBXProject "EssentialFeed" */;
			compatibilityVersion = "Xcode 9.3";
			developmentRegion = en;
			hasScannedForEncodings = 0;
			knownRegions = (
				en,
				Base,
			);
			mainGroup = 725DC13824D2B04900D54A4F;
			productRefGroup = 725DC14324D2B04900D54A4F /* Products */;
			projectDirPath = "";
			projectRoot = "";
			targets = (
				725DC14124D2B04900D54A4F /* EssentialFeed */,
				725DC14A24D2B04900D54A4F /* EssentialFeedTests */,
			);
		};
/* End PBXProject section */

/* Begin PBXResourcesBuildPhase section */
		725DC14024D2B04900D54A4F /* Resources */ = {
			isa = PBXResourcesBuildPhase;
			buildActionMask = 2147483647;
			files = (
			);
			runOnlyForDeploymentPostprocessing = 0;
		};
		725DC14924D2B04900D54A4F /* Resources */ = {
			isa = PBXResourcesBuildPhase;
			buildActionMask = 2147483647;
			files = (
			);
			runOnlyForDeploymentPostprocessing = 0;
		};
/* End PBXResourcesBuildPhase section */

/* Begin PBXSourcesBuildPhase section */
		725DC13E24D2B04900D54A4F /* Sources */ = {
			isa = PBXSourcesBuildPhase;
			buildActionMask = 2147483647;
			files = (
				725DC16024D2B12D00D54A4F /* FeedLoader.swift in Sources */,
				725DC16C24D4D5E000D54A4F /* FeedItemMapper.swift in Sources */,
				725DC16824D2F99100D54A4F /* RemoteFeedLoader.swift in Sources */,
				725DC16A24D4D58200D54A4F /* HTTPClient.swift in Sources */,
				725DC15E24D2B0CD00D54A4F /* FeedItem.swift in Sources */,
			);
			runOnlyForDeploymentPostprocessing = 0;
		};
		725DC14724D2B04900D54A4F /* Sources */ = {
			isa = PBXSourcesBuildPhase;
			buildActionMask = 2147483647;
			files = (
				725DC16524D2BCBE00D54A4F /* RemoteFeedLoaderTests.swift in Sources */,
				725DC16F24D6C60100D54A4F /* URLSessionHTTPClientTests.swift in Sources */,
			);
			runOnlyForDeploymentPostprocessing = 0;
		};
/* End PBXSourcesBuildPhase section */

/* Begin PBXTargetDependency section */
		725DC14E24D2B04900D54A4F /* PBXTargetDependency */ = {
			isa = PBXTargetDependency;
			target = 725DC14124D2B04900D54A4F /* EssentialFeed */;
			targetProxy = 725DC14D24D2B04900D54A4F /* PBXContainerItemProxy */;
		};
/* End PBXTargetDependency section */

/* Begin XCBuildConfiguration section */
		725DC15424D2B04900D54A4F /* Debug */ = {
			isa = XCBuildConfiguration;
			buildSettings = {
				ALWAYS_SEARCH_USER_PATHS = NO;
				CLANG_ANALYZER_NONNULL = YES;
				CLANG_ANALYZER_NUMBER_OBJECT_CONVERSION = YES_AGGRESSIVE;
				CLANG_CXX_LANGUAGE_STANDARD = "gnu++14";
				CLANG_CXX_LIBRARY = "libc++";
				CLANG_ENABLE_MODULES = YES;
				CLANG_ENABLE_OBJC_ARC = YES;
				CLANG_ENABLE_OBJC_WEAK = YES;
				CLANG_WARN_BLOCK_CAPTURE_AUTORELEASING = YES;
				CLANG_WARN_BOOL_CONVERSION = YES;
				CLANG_WARN_COMMA = YES;
				CLANG_WARN_CONSTANT_CONVERSION = YES;
				CLANG_WARN_DEPRECATED_OBJC_IMPLEMENTATIONS = YES;
				CLANG_WARN_DIRECT_OBJC_ISA_USAGE = YES_ERROR;
				CLANG_WARN_DOCUMENTATION_COMMENTS = YES;
				CLANG_WARN_EMPTY_BODY = YES;
				CLANG_WARN_ENUM_CONVERSION = YES;
				CLANG_WARN_INFINITE_RECURSION = YES;
				CLANG_WARN_INT_CONVERSION = YES;
				CLANG_WARN_NON_LITERAL_NULL_CONVERSION = YES;
				CLANG_WARN_OBJC_IMPLICIT_RETAIN_SELF = YES;
				CLANG_WARN_OBJC_LITERAL_CONVERSION = YES;
				CLANG_WARN_OBJC_ROOT_CLASS = YES_ERROR;
				CLANG_WARN_RANGE_LOOP_ANALYSIS = YES;
				CLANG_WARN_STRICT_PROTOTYPES = YES;
				CLANG_WARN_SUSPICIOUS_MOVE = YES;
				CLANG_WARN_UNGUARDED_AVAILABILITY = YES_AGGRESSIVE;
				CLANG_WARN_UNREACHABLE_CODE = YES;
				CLANG_WARN__DUPLICATE_METHOD_MATCH = YES;
				COPY_PHASE_STRIP = NO;
				CURRENT_PROJECT_VERSION = 1;
				DEBUG_INFORMATION_FORMAT = dwarf;
				ENABLE_STRICT_OBJC_MSGSEND = YES;
				ENABLE_TESTABILITY = YES;
				GCC_C_LANGUAGE_STANDARD = gnu11;
				GCC_DYNAMIC_NO_PIC = NO;
				GCC_NO_COMMON_BLOCKS = YES;
				GCC_OPTIMIZATION_LEVEL = 0;
				GCC_PREPROCESSOR_DEFINITIONS = (
					"DEBUG=1",
					"$(inherited)",
				);
				GCC_WARN_64_TO_32_BIT_CONVERSION = YES;
				GCC_WARN_ABOUT_RETURN_TYPE = YES_ERROR;
				GCC_WARN_UNDECLARED_SELECTOR = YES;
				GCC_WARN_UNINITIALIZED_AUTOS = YES_AGGRESSIVE;
				GCC_WARN_UNUSED_FUNCTION = YES;
				GCC_WARN_UNUSED_VARIABLE = YES;
				MACOSX_DEPLOYMENT_TARGET = 10.15;
				MTL_ENABLE_DEBUG_INFO = INCLUDE_SOURCE;
				MTL_FAST_MATH = YES;
				ONLY_ACTIVE_ARCH = YES;
				SDKROOT = macosx;
				SWIFT_ACTIVE_COMPILATION_CONDITIONS = DEBUG;
				SWIFT_OPTIMIZATION_LEVEL = "-Onone";
				VERSIONING_SYSTEM = "apple-generic";
				VERSION_INFO_PREFIX = "";
			};
			name = Debug;
		};
		725DC15524D2B04900D54A4F /* Release */ = {
			isa = XCBuildConfiguration;
			buildSettings = {
				ALWAYS_SEARCH_USER_PATHS = NO;
				CLANG_ANALYZER_NONNULL = YES;
				CLANG_ANALYZER_NUMBER_OBJECT_CONVERSION = YES_AGGRESSIVE;
				CLANG_CXX_LANGUAGE_STANDARD = "gnu++14";
				CLANG_CXX_LIBRARY = "libc++";
				CLANG_ENABLE_MODULES = YES;
				CLANG_ENABLE_OBJC_ARC = YES;
				CLANG_ENABLE_OBJC_WEAK = YES;
				CLANG_WARN_BLOCK_CAPTURE_AUTORELEASING = YES;
				CLANG_WARN_BOOL_CONVERSION = YES;
				CLANG_WARN_COMMA = YES;
				CLANG_WARN_CONSTANT_CONVERSION = YES;
				CLANG_WARN_DEPRECATED_OBJC_IMPLEMENTATIONS = YES;
				CLANG_WARN_DIRECT_OBJC_ISA_USAGE = YES_ERROR;
				CLANG_WARN_DOCUMENTATION_COMMENTS = YES;
				CLANG_WARN_EMPTY_BODY = YES;
				CLANG_WARN_ENUM_CONVERSION = YES;
				CLANG_WARN_INFINITE_RECURSION = YES;
				CLANG_WARN_INT_CONVERSION = YES;
				CLANG_WARN_NON_LITERAL_NULL_CONVERSION = YES;
				CLANG_WARN_OBJC_IMPLICIT_RETAIN_SELF = YES;
				CLANG_WARN_OBJC_LITERAL_CONVERSION = YES;
				CLANG_WARN_OBJC_ROOT_CLASS = YES_ERROR;
				CLANG_WARN_RANGE_LOOP_ANALYSIS = YES;
				CLANG_WARN_STRICT_PROTOTYPES = YES;
				CLANG_WARN_SUSPICIOUS_MOVE = YES;
				CLANG_WARN_UNGUARDED_AVAILABILITY = YES_AGGRESSIVE;
				CLANG_WARN_UNREACHABLE_CODE = YES;
				CLANG_WARN__DUPLICATE_METHOD_MATCH = YES;
				COPY_PHASE_STRIP = NO;
				CURRENT_PROJECT_VERSION = 1;
				DEBUG_INFORMATION_FORMAT = "dwarf-with-dsym";
				ENABLE_NS_ASSERTIONS = NO;
				ENABLE_STRICT_OBJC_MSGSEND = YES;
				GCC_C_LANGUAGE_STANDARD = gnu11;
				GCC_NO_COMMON_BLOCKS = YES;
				GCC_WARN_64_TO_32_BIT_CONVERSION = YES;
				GCC_WARN_ABOUT_RETURN_TYPE = YES_ERROR;
				GCC_WARN_UNDECLARED_SELECTOR = YES;
				GCC_WARN_UNINITIALIZED_AUTOS = YES_AGGRESSIVE;
				GCC_WARN_UNUSED_FUNCTION = YES;
				GCC_WARN_UNUSED_VARIABLE = YES;
				MACOSX_DEPLOYMENT_TARGET = 10.15;
				MTL_ENABLE_DEBUG_INFO = NO;
				MTL_FAST_MATH = YES;
				SDKROOT = macosx;
				SWIFT_COMPILATION_MODE = wholemodule;
				SWIFT_OPTIMIZATION_LEVEL = "-O";
				VERSIONING_SYSTEM = "apple-generic";
				VERSION_INFO_PREFIX = "";
			};
			name = Release;
		};
		725DC15724D2B04900D54A4F /* Debug */ = {
			isa = XCBuildConfiguration;
			buildSettings = {
				CLANG_ENABLE_MODULES = YES;
				CODE_SIGN_STYLE = Automatic;
				COMBINE_HIDPI_IMAGES = YES;
				DEFINES_MODULE = YES;
				DEVELOPMENT_TEAM = 7L56KQ3ZU2;
				DYLIB_COMPATIBILITY_VERSION = 1;
				DYLIB_CURRENT_VERSION = 1;
				DYLIB_INSTALL_NAME_BASE = "@rpath";
				INFOPLIST_FILE = EssentialFeed/Info.plist;
				INSTALL_PATH = "$(LOCAL_LIBRARY_DIR)/Frameworks";
				LD_RUNPATH_SEARCH_PATHS = (
					"$(inherited)",
					"@executable_path/../Frameworks",
					"@loader_path/Frameworks",
				);
				PRODUCT_BUNDLE_IDENTIFIER = chihyinwang.is.this.EssentialFeed;
				PRODUCT_NAME = "$(TARGET_NAME:c99extidentifier)";
				SKIP_INSTALL = YES;
				SWIFT_OPTIMIZATION_LEVEL = "-Onone";
				SWIFT_VERSION = 5.0;
			};
			name = Debug;
		};
		725DC15824D2B04900D54A4F /* Release */ = {
			isa = XCBuildConfiguration;
			buildSettings = {
				CLANG_ENABLE_MODULES = YES;
				CODE_SIGN_STYLE = Automatic;
				COMBINE_HIDPI_IMAGES = YES;
				DEFINES_MODULE = YES;
				DEVELOPMENT_TEAM = 7L56KQ3ZU2;
				DYLIB_COMPATIBILITY_VERSION = 1;
				DYLIB_CURRENT_VERSION = 1;
				DYLIB_INSTALL_NAME_BASE = "@rpath";
				INFOPLIST_FILE = EssentialFeed/Info.plist;
				INSTALL_PATH = "$(LOCAL_LIBRARY_DIR)/Frameworks";
				LD_RUNPATH_SEARCH_PATHS = (
					"$(inherited)",
					"@executable_path/../Frameworks",
					"@loader_path/Frameworks",
				);
				PRODUCT_BUNDLE_IDENTIFIER = chihyinwang.is.this.EssentialFeed;
				PRODUCT_NAME = "$(TARGET_NAME:c99extidentifier)";
				SKIP_INSTALL = YES;
				SWIFT_VERSION = 5.0;
			};
			name = Release;
		};
		725DC15A24D2B04900D54A4F /* Debug */ = {
			isa = XCBuildConfiguration;
			buildSettings = {
				ALWAYS_EMBED_SWIFT_STANDARD_LIBRARIES = YES;
				CLANG_ENABLE_MODULES = YES;
				CODE_SIGN_STYLE = Automatic;
				COMBINE_HIDPI_IMAGES = YES;
				DEVELOPMENT_TEAM = 7L56KQ3ZU2;
				INFOPLIST_FILE = EssentialFeedTests/Info.plist;
				LD_RUNPATH_SEARCH_PATHS = (
					"$(inherited)",
					"@executable_path/../Frameworks",
					"@loader_path/../Frameworks",
				);
				PRODUCT_BUNDLE_IDENTIFIER = chihyinwang.is.this.EssentialFeedTests;
				PRODUCT_NAME = "$(TARGET_NAME)";
				SWIFT_OBJC_BRIDGING_HEADER = "EssentialFeedTests/EssentialFeedTests-Bridging-Header.h";
				SWIFT_OPTIMIZATION_LEVEL = "-Onone";
				SWIFT_VERSION = 5.0;
			};
			name = Debug;
		};
		725DC15B24D2B04900D54A4F /* Release */ = {
			isa = XCBuildConfiguration;
			buildSettings = {
				ALWAYS_EMBED_SWIFT_STANDARD_LIBRARIES = YES;
				CLANG_ENABLE_MODULES = YES;
				CODE_SIGN_STYLE = Automatic;
				COMBINE_HIDPI_IMAGES = YES;
				DEVELOPMENT_TEAM = 7L56KQ3ZU2;
				INFOPLIST_FILE = EssentialFeedTests/Info.plist;
				LD_RUNPATH_SEARCH_PATHS = (
					"$(inherited)",
					"@executable_path/../Frameworks",
					"@loader_path/../Frameworks",
				);
				PRODUCT_BUNDLE_IDENTIFIER = chihyinwang.is.this.EssentialFeedTests;
				PRODUCT_NAME = "$(TARGET_NAME)";
				SWIFT_OBJC_BRIDGING_HEADER = "EssentialFeedTests/EssentialFeedTests-Bridging-Header.h";
				SWIFT_VERSION = 5.0;
			};
			name = Release;
		};
/* End XCBuildConfiguration section */

/* Begin XCConfigurationList section */
		725DC13C24D2B04900D54A4F /* Build configuration list for PBXProject "EssentialFeed" */ = {
			isa = XCConfigurationList;
			buildConfigurations = (
				725DC15424D2B04900D54A4F /* Debug */,
				725DC15524D2B04900D54A4F /* Release */,
			);
			defaultConfigurationIsVisible = 0;
			defaultConfigurationName = Release;
		};
		725DC15624D2B04900D54A4F /* Build configuration list for PBXNativeTarget "EssentialFeed" */ = {
			isa = XCConfigurationList;
			buildConfigurations = (
				725DC15724D2B04900D54A4F /* Debug */,
				725DC15824D2B04900D54A4F /* Release */,
			);
			defaultConfigurationIsVisible = 0;
			defaultConfigurationName = Release;
		};
		725DC15924D2B04900D54A4F /* Build configuration list for PBXNativeTarget "EssentialFeedTests" */ = {
			isa = XCConfigurationList;
			buildConfigurations = (
				725DC15A24D2B04900D54A4F /* Debug */,
				725DC15B24D2B04900D54A4F /* Release */,
			);
			defaultConfigurationIsVisible = 0;
			defaultConfigurationName = Release;
		};
/* End XCConfigurationList section */
	};
	rootObject = 725DC13924D2B04900D54A4F /* Project object */;
}
