// !$*UTF8*$!
{
	archiveVersion = 1;
	classes = {
	};
	objectVersion = 50;
	objects = {

/* Begin PBXBuildFile section */
		72186CB825237B6400DA1DC9 /* EssentialFeed.framework in Frameworks */ = {isa = PBXBuildFile; fileRef = 72186CB625237B6400DA1DC9 /* EssentialFeed.framework */; };
		72186CB925237B6400DA1DC9 /* EssentialFeed.framework in Embed Frameworks */ = {isa = PBXBuildFile; fileRef = 72186CB625237B6400DA1DC9 /* EssentialFeed.framework */; settings = {ATTRIBUTES = (CodeSignOnCopy, RemoveHeadersOnCopy, ); }; };
		72186CBA25237B6400DA1DC9 /* EssentialFeediOS.framework in Frameworks */ = {isa = PBXBuildFile; fileRef = 72186CB725237B6400DA1DC9 /* EssentialFeediOS.framework */; };
		72186CBB25237B6400DA1DC9 /* EssentialFeediOS.framework in Embed Frameworks */ = {isa = PBXBuildFile; fileRef = 72186CB725237B6400DA1DC9 /* EssentialFeediOS.framework */; settings = {ATTRIBUTES = (CodeSignOnCopy, RemoveHeadersOnCopy, ); }; };
		72349E8B2535FAEE00AC04B9 /* HTTPClientStub.swift in Sources */ = {isa = PBXBuildFile; fileRef = 72349E8A2535FAEE00AC04B9 /* HTTPClientStub.swift */; };
		72349E8D2535FB4600AC04B9 /* InMemoryFeedStore.swift in Sources */ = {isa = PBXBuildFile; fileRef = 72349E8C2535FB4600AC04B9 /* InMemoryFeedStore.swift */; };
		72358E27253DDF5F00268478 /* UIView+TestHelpers.swift in Sources */ = {isa = PBXBuildFile; fileRef = 72358E26253DDF5F00268478 /* UIView+TestHelpers.swift */; };
		72358E2B2542D1E600268478 /* CombineHelpers.swift in Sources */ = {isa = PBXBuildFile; fileRef = 72358E2A2542D1E600268478 /* CombineHelpers.swift */; };
		723C407C2528A0A2004245D8 /* XCTestCase+MemoryLeakTracking.swift in Sources */ = {isa = PBXBuildFile; fileRef = 723C407B2528A0A2004245D8 /* XCTestCase+MemoryLeakTracking.swift */; };
		723C407E2528A100004245D8 /* SharedTestHelpers.swift in Sources */ = {isa = PBXBuildFile; fileRef = 723C407D2528A100004245D8 /* SharedTestHelpers.swift */; };
		72989384252376EC00B1E002 /* AppDelegate.swift in Sources */ = {isa = PBXBuildFile; fileRef = 72989383252376EC00B1E002 /* AppDelegate.swift */; };
		72989386252376EC00B1E002 /* SceneDelegate.swift in Sources */ = {isa = PBXBuildFile; fileRef = 72989385252376EC00B1E002 /* SceneDelegate.swift */; };
		72989388252376EC00B1E002 /* ViewController.swift in Sources */ = {isa = PBXBuildFile; fileRef = 72989387252376EC00B1E002 /* ViewController.swift */; };
		7298938D252376ED00B1E002 /* Assets.xcassets in Resources */ = {isa = PBXBuildFile; fileRef = 7298938C252376ED00B1E002 /* Assets.xcassets */; };
		72989390252376ED00B1E002 /* LaunchScreen.storyboard in Resources */ = {isa = PBXBuildFile; fileRef = 7298938E252376ED00B1E002 /* LaunchScreen.storyboard */; };
		72EAE381252F37D3004E37FE /* FeedImageDataLoaderSpy.swift in Sources */ = {isa = PBXBuildFile; fileRef = 72EAE380252F37D3004E37FE /* FeedImageDataLoaderSpy.swift */; };
		72EAE383252F3836004E37FE /* XCTestCase+FeedImageDataLoader.swift in Sources */ = {isa = PBXBuildFile; fileRef = 72EAE382252F3836004E37FE /* XCTestCase+FeedImageDataLoader.swift */; };
		72EAE39B25333C68004E37FE /* SceneDelegateTests.swift in Sources */ = {isa = PBXBuildFile; fileRef = 72EAE39A25333C68004E37FE /* SceneDelegateTests.swift */; };
		72EAE3A325334146004E37FE /* FeedUIComposer.swift in Sources */ = {isa = PBXBuildFile; fileRef = 72EAE3A125334146004E37FE /* FeedUIComposer.swift */; };
		72EAE3A425334146004E37FE /* WeakRefVirtualProxy.swift in Sources */ = {isa = PBXBuildFile; fileRef = 72EAE39D25334146004E37FE /* WeakRefVirtualProxy.swift */; };
		72EAE3A525334146004E37FE /* FeedImageDataLoaderPresentationAdapter.swift in Sources */ = {isa = PBXBuildFile; fileRef = 72EAE39F25334146004E37FE /* FeedImageDataLoaderPresentationAdapter.swift */; };
		72EAE3A625334146004E37FE /* FeedLoaderPresentationAdapter.swift in Sources */ = {isa = PBXBuildFile; fileRef = 72EAE3A025334146004E37FE /* FeedLoaderPresentationAdapter.swift */; };
		72EAE3A725334146004E37FE /* FeedViewAdapter.swift in Sources */ = {isa = PBXBuildFile; fileRef = 72EAE39C25334146004E37FE /* FeedViewAdapter.swift */; };
		72EAE3B12533417B004E37FE /* FeedViewControllerTests+LoaderSpy.swift in Sources */ = {isa = PBXBuildFile; fileRef = 72EAE3AC2533417B004E37FE /* FeedViewControllerTests+LoaderSpy.swift */; };
		72EAE3B22533417B004E37FE /* UIRefreshControl+TestHelpers.swift in Sources */ = {isa = PBXBuildFile; fileRef = 72EAE3AD2533417B004E37FE /* UIRefreshControl+TestHelpers.swift */; };
		72EAE3B32533417B004E37FE /* FeedViewControllerTests+Localization.swift in Sources */ = {isa = PBXBuildFile; fileRef = 72EAE3A92533417B004E37FE /* FeedViewControllerTests+Localization.swift */; };
		72EAE3B42533417B004E37FE /* FeedViewControllerTests+Assertions.swift in Sources */ = {isa = PBXBuildFile; fileRef = 72EAE3AE2533417B004E37FE /* FeedViewControllerTests+Assertions.swift */; };
		72EAE3B52533417B004E37FE /* UIControl+TestHelpers.swift in Sources */ = {isa = PBXBuildFile; fileRef = 72EAE3AB2533417B004E37FE /* UIControl+TestHelpers.swift */; };
		72EAE3B62533417B004E37FE /* UIImage+TestHelpers.swift in Sources */ = {isa = PBXBuildFile; fileRef = 72EAE3A82533417B004E37FE /* UIImage+TestHelpers.swift */; };
		72EAE3B72533417B004E37FE /* FeedViewController+TestHelpers.swift in Sources */ = {isa = PBXBuildFile; fileRef = 72EAE3AF2533417B004E37FE /* FeedViewController+TestHelpers.swift */; };
		72EAE3B82533417B004E37FE /* FeedImageCell+TestHelpers.swift in Sources */ = {isa = PBXBuildFile; fileRef = 72EAE3AA2533417B004E37FE /* FeedImageCell+TestHelpers.swift */; };
		72EAE3B92533417B004E37FE /* UIButton+TestHelpers.swift in Sources */ = {isa = PBXBuildFile; fileRef = 72EAE3B02533417B004E37FE /* UIButton+TestHelpers.swift */; };
		72EAE3BB253341A6004E37FE /* FeedUIIntegrationTests.swift in Sources */ = {isa = PBXBuildFile; fileRef = 72EAE3BA253341A6004E37FE /* FeedUIIntegrationTests.swift */; };
		72EAE3BD25334347004E37FE /* FeedAcceptanceTests.swift in Sources */ = {isa = PBXBuildFile; fileRef = 72EAE3BC25334347004E37FE /* FeedAcceptanceTests.swift */; };
/* End PBXBuildFile section */

/* Begin PBXContainerItemProxy section */
		72989397252376ED00B1E002 /* PBXContainerItemProxy */ = {
			isa = PBXContainerItemProxy;
			containerPortal = 72989378252376EC00B1E002 /* Project object */;
			proxyType = 1;
			remoteGlobalIDString = 7298937F252376EC00B1E002;
			remoteInfo = EssentialApp;
		};
/* End PBXContainerItemProxy section */

/* Begin PBXCopyFilesBuildPhase section */
		72186CBC25237B6400DA1DC9 /* Embed Frameworks */ = {
			isa = PBXCopyFilesBuildPhase;
			buildActionMask = 2147483647;
			dstPath = "";
			dstSubfolderSpec = 10;
			files = (
				72186CB925237B6400DA1DC9 /* EssentialFeed.framework in Embed Frameworks */,
				72186CBB25237B6400DA1DC9 /* EssentialFeediOS.framework in Embed Frameworks */,
			);
			name = "Embed Frameworks";
			runOnlyForDeploymentPostprocessing = 0;
		};
/* End PBXCopyFilesBuildPhase section */

/* Begin PBXFileReference section */
		72186CB625237B6400DA1DC9 /* EssentialFeed.framework */ = {isa = PBXFileReference; explicitFileType = wrapper.framework; path = EssentialFeed.framework; sourceTree = BUILT_PRODUCTS_DIR; };
		72186CB725237B6400DA1DC9 /* EssentialFeediOS.framework */ = {isa = PBXFileReference; explicitFileType = wrapper.framework; path = EssentialFeediOS.framework; sourceTree = BUILT_PRODUCTS_DIR; };
		72349E8A2535FAEE00AC04B9 /* HTTPClientStub.swift */ = {isa = PBXFileReference; lastKnownFileType = sourcecode.swift; path = HTTPClientStub.swift; sourceTree = "<group>"; };
		72349E8C2535FB4600AC04B9 /* InMemoryFeedStore.swift */ = {isa = PBXFileReference; lastKnownFileType = sourcecode.swift; path = InMemoryFeedStore.swift; sourceTree = "<group>"; };
		72358E26253DDF5F00268478 /* UIView+TestHelpers.swift */ = {isa = PBXFileReference; lastKnownFileType = sourcecode.swift; path = "UIView+TestHelpers.swift"; sourceTree = "<group>"; };
		72358E2A2542D1E600268478 /* CombineHelpers.swift */ = {isa = PBXFileReference; lastKnownFileType = sourcecode.swift; path = CombineHelpers.swift; sourceTree = "<group>"; };
		723C407B2528A0A2004245D8 /* XCTestCase+MemoryLeakTracking.swift */ = {isa = PBXFileReference; lastKnownFileType = sourcecode.swift; path = "XCTestCase+MemoryLeakTracking.swift"; sourceTree = "<group>"; };
		723C407D2528A100004245D8 /* SharedTestHelpers.swift */ = {isa = PBXFileReference; lastKnownFileType = sourcecode.swift; path = SharedTestHelpers.swift; sourceTree = "<group>"; };
		72989380252376EC00B1E002 /* EssentialApp.app */ = {isa = PBXFileReference; explicitFileType = wrapper.application; includeInIndex = 0; path = EssentialApp.app; sourceTree = BUILT_PRODUCTS_DIR; };
		72989383252376EC00B1E002 /* AppDelegate.swift */ = {isa = PBXFileReference; lastKnownFileType = sourcecode.swift; path = AppDelegate.swift; sourceTree = "<group>"; };
		72989385252376EC00B1E002 /* SceneDelegate.swift */ = {isa = PBXFileReference; lastKnownFileType = sourcecode.swift; path = SceneDelegate.swift; sourceTree = "<group>"; };
		72989387252376EC00B1E002 /* ViewController.swift */ = {isa = PBXFileReference; lastKnownFileType = sourcecode.swift; path = ViewController.swift; sourceTree = "<group>"; };
		7298938C252376ED00B1E002 /* Assets.xcassets */ = {isa = PBXFileReference; lastKnownFileType = folder.assetcatalog; path = Assets.xcassets; sourceTree = "<group>"; };
		7298938F252376ED00B1E002 /* Base */ = {isa = PBXFileReference; lastKnownFileType = file.storyboard; name = Base; path = Base.lproj/LaunchScreen.storyboard; sourceTree = "<group>"; };
		72989391252376ED00B1E002 /* Info.plist */ = {isa = PBXFileReference; lastKnownFileType = text.plist.xml; path = Info.plist; sourceTree = "<group>"; };
		72989396252376ED00B1E002 /* EssentialAppTests.xctest */ = {isa = PBXFileReference; explicitFileType = wrapper.cfbundle; includeInIndex = 0; path = EssentialAppTests.xctest; sourceTree = BUILT_PRODUCTS_DIR; };
		7298939C252376ED00B1E002 /* Info.plist */ = {isa = PBXFileReference; lastKnownFileType = text.plist.xml; path = Info.plist; sourceTree = "<group>"; };
		72EAE380252F37D3004E37FE /* FeedImageDataLoaderSpy.swift */ = {isa = PBXFileReference; lastKnownFileType = sourcecode.swift; path = FeedImageDataLoaderSpy.swift; sourceTree = "<group>"; };
		72EAE382252F3836004E37FE /* XCTestCase+FeedImageDataLoader.swift */ = {isa = PBXFileReference; lastKnownFileType = sourcecode.swift; path = "XCTestCase+FeedImageDataLoader.swift"; sourceTree = "<group>"; };
		72EAE39A25333C68004E37FE /* SceneDelegateTests.swift */ = {isa = PBXFileReference; lastKnownFileType = sourcecode.swift; path = SceneDelegateTests.swift; sourceTree = "<group>"; };
		72EAE39C25334146004E37FE /* FeedViewAdapter.swift */ = {isa = PBXFileReference; lastKnownFileType = sourcecode.swift; path = FeedViewAdapter.swift; sourceTree = "<group>"; };
		72EAE39D25334146004E37FE /* WeakRefVirtualProxy.swift */ = {isa = PBXFileReference; lastKnownFileType = sourcecode.swift; path = WeakRefVirtualProxy.swift; sourceTree = "<group>"; };
		72EAE39F25334146004E37FE /* FeedImageDataLoaderPresentationAdapter.swift */ = {isa = PBXFileReference; lastKnownFileType = sourcecode.swift; path = FeedImageDataLoaderPresentationAdapter.swift; sourceTree = "<group>"; };
		72EAE3A025334146004E37FE /* FeedLoaderPresentationAdapter.swift */ = {isa = PBXFileReference; lastKnownFileType = sourcecode.swift; path = FeedLoaderPresentationAdapter.swift; sourceTree = "<group>"; };
		72EAE3A125334146004E37FE /* FeedUIComposer.swift */ = {isa = PBXFileReference; lastKnownFileType = sourcecode.swift; path = FeedUIComposer.swift; sourceTree = "<group>"; };
		72EAE3A82533417B004E37FE /* UIImage+TestHelpers.swift */ = {isa = PBXFileReference; lastKnownFileType = sourcecode.swift; path = "UIImage+TestHelpers.swift"; sourceTree = "<group>"; };
		72EAE3A92533417B004E37FE /* FeedViewControllerTests+Localization.swift */ = {isa = PBXFileReference; lastKnownFileType = sourcecode.swift; path = "FeedViewControllerTests+Localization.swift"; sourceTree = "<group>"; };
		72EAE3AA2533417B004E37FE /* FeedImageCell+TestHelpers.swift */ = {isa = PBXFileReference; lastKnownFileType = sourcecode.swift; path = "FeedImageCell+TestHelpers.swift"; sourceTree = "<group>"; };
		72EAE3AB2533417B004E37FE /* UIControl+TestHelpers.swift */ = {isa = PBXFileReference; lastKnownFileType = sourcecode.swift; path = "UIControl+TestHelpers.swift"; sourceTree = "<group>"; };
		72EAE3AC2533417B004E37FE /* FeedViewControllerTests+LoaderSpy.swift */ = {isa = PBXFileReference; lastKnownFileType = sourcecode.swift; path = "FeedViewControllerTests+LoaderSpy.swift"; sourceTree = "<group>"; };
		72EAE3AD2533417B004E37FE /* UIRefreshControl+TestHelpers.swift */ = {isa = PBXFileReference; lastKnownFileType = sourcecode.swift; path = "UIRefreshControl+TestHelpers.swift"; sourceTree = "<group>"; };
		72EAE3AE2533417B004E37FE /* FeedViewControllerTests+Assertions.swift */ = {isa = PBXFileReference; lastKnownFileType = sourcecode.swift; path = "FeedViewControllerTests+Assertions.swift"; sourceTree = "<group>"; };
		72EAE3AF2533417B004E37FE /* FeedViewController+TestHelpers.swift */ = {isa = PBXFileReference; lastKnownFileType = sourcecode.swift; path = "FeedViewController+TestHelpers.swift"; sourceTree = "<group>"; };
		72EAE3B02533417B004E37FE /* UIButton+TestHelpers.swift */ = {isa = PBXFileReference; lastKnownFileType = sourcecode.swift; path = "UIButton+TestHelpers.swift"; sourceTree = "<group>"; };
		72EAE3BA253341A6004E37FE /* FeedUIIntegrationTests.swift */ = {isa = PBXFileReference; lastKnownFileType = sourcecode.swift; path = FeedUIIntegrationTests.swift; sourceTree = "<group>"; };
		72EAE3BC25334347004E37FE /* FeedAcceptanceTests.swift */ = {isa = PBXFileReference; lastKnownFileType = sourcecode.swift; path = FeedAcceptanceTests.swift; sourceTree = "<group>"; };
/* End PBXFileReference section */

/* Begin PBXFrameworksBuildPhase section */
		7298937D252376EC00B1E002 /* Frameworks */ = {
			isa = PBXFrameworksBuildPhase;
			buildActionMask = 2147483647;
			files = (
				72186CB825237B6400DA1DC9 /* EssentialFeed.framework in Frameworks */,
				72186CBA25237B6400DA1DC9 /* EssentialFeediOS.framework in Frameworks */,
			);
			runOnlyForDeploymentPostprocessing = 0;
		};
		72989393252376ED00B1E002 /* Frameworks */ = {
			isa = PBXFrameworksBuildPhase;
			buildActionMask = 2147483647;
			files = (
			);
			runOnlyForDeploymentPostprocessing = 0;
		};
/* End PBXFrameworksBuildPhase section */

/* Begin PBXGroup section */
		72186CB525237B6400DA1DC9 /* Frameworks */ = {
			isa = PBXGroup;
			children = (
				72186CB625237B6400DA1DC9 /* EssentialFeed.framework */,
				72186CB725237B6400DA1DC9 /* EssentialFeediOS.framework */,
			);
			name = Frameworks;
			sourceTree = "<group>";
		};
		723C407A2528A08A004245D8 /* Helpers */ = {
			isa = PBXGroup;
			children = (
				72EAE3A82533417B004E37FE /* UIImage+TestHelpers.swift */,
				72EAE3AD2533417B004E37FE /* UIRefreshControl+TestHelpers.swift */,
				72EAE3B02533417B004E37FE /* UIButton+TestHelpers.swift */,
				72EAE3AB2533417B004E37FE /* UIControl+TestHelpers.swift */,
				72358E26253DDF5F00268478 /* UIView+TestHelpers.swift */,
				72EAE3AF2533417B004E37FE /* FeedViewController+TestHelpers.swift */,
				72EAE3AA2533417B004E37FE /* FeedImageCell+TestHelpers.swift */,
				72EAE3AC2533417B004E37FE /* FeedViewControllerTests+LoaderSpy.swift */,
				72EAE3AE2533417B004E37FE /* FeedViewControllerTests+Assertions.swift */,
				72EAE3A92533417B004E37FE /* FeedViewControllerTests+Localization.swift */,
				723C407B2528A0A2004245D8 /* XCTestCase+MemoryLeakTracking.swift */,
				72EAE382252F3836004E37FE /* XCTestCase+FeedImageDataLoader.swift */,
				723C407D2528A100004245D8 /* SharedTestHelpers.swift */,
				72EAE380252F37D3004E37FE /* FeedImageDataLoaderSpy.swift */,
				72349E8A2535FAEE00AC04B9 /* HTTPClientStub.swift */,
				72349E8C2535FB4600AC04B9 /* InMemoryFeedStore.swift */,
			);
			path = Helpers;
			sourceTree = "<group>";
		};
		72989377252376EC00B1E002 = {
			isa = PBXGroup;
			children = (
				72989382252376EC00B1E002 /* EssentialApp */,
				72989399252376ED00B1E002 /* EssentialAppTests */,
				72989381252376EC00B1E002 /* Products */,
				72186CB525237B6400DA1DC9 /* Frameworks */,
			);
			sourceTree = "<group>";
		};
		72989381252376EC00B1E002 /* Products */ = {
			isa = PBXGroup;
			children = (
				72989380252376EC00B1E002 /* EssentialApp.app */,
				72989396252376ED00B1E002 /* EssentialAppTests.xctest */,
			);
			name = Products;
			sourceTree = "<group>";
		};
		72989382252376EC00B1E002 /* EssentialApp */ = {
			isa = PBXGroup;
			children = (
				72989383252376EC00B1E002 /* AppDelegate.swift */,
				72989385252376EC00B1E002 /* SceneDelegate.swift */,
				72358E2A2542D1E600268478 /* CombineHelpers.swift */,
				72EAE3A125334146004E37FE /* FeedUIComposer.swift */,
				72EAE39D25334146004E37FE /* WeakRefVirtualProxy.swift */,
				72EAE3A025334146004E37FE /* FeedLoaderPresentationAdapter.swift */,
				72EAE39F25334146004E37FE /* FeedImageDataLoaderPresentationAdapter.swift */,
				72EAE39C25334146004E37FE /* FeedViewAdapter.swift */,
				72989387252376EC00B1E002 /* ViewController.swift */,
				7298938C252376ED00B1E002 /* Assets.xcassets */,
				7298938E252376ED00B1E002 /* LaunchScreen.storyboard */,
				72989391252376ED00B1E002 /* Info.plist */,
			);
			path = EssentialApp;
			sourceTree = "<group>";
		};
		72989399252376ED00B1E002 /* EssentialAppTests */ = {
			isa = PBXGroup;
			children = (
				7298939C252376ED00B1E002 /* Info.plist */,
				723C407A2528A08A004245D8 /* Helpers */,
				72EAE39A25333C68004E37FE /* SceneDelegateTests.swift */,
				72EAE3BA253341A6004E37FE /* FeedUIIntegrationTests.swift */,
				72EAE3BC25334347004E37FE /* FeedAcceptanceTests.swift */,
			);
			path = EssentialAppTests;
			sourceTree = "<group>";
		};
/* End PBXGroup section */

/* Begin PBXNativeTarget section */
		7298937F252376EC00B1E002 /* EssentialApp */ = {
			isa = PBXNativeTarget;
			buildConfigurationList = 7298939F252376EE00B1E002 /* Build configuration list for PBXNativeTarget "EssentialApp" */;
			buildPhases = (
				7298937C252376EC00B1E002 /* Sources */,
				7298937D252376EC00B1E002 /* Frameworks */,
				7298937E252376EC00B1E002 /* Resources */,
				72186CBC25237B6400DA1DC9 /* Embed Frameworks */,
			);
			buildRules = (
			);
			dependencies = (
			);
			name = EssentialApp;
			productName = EssentialApp;
			productReference = 72989380252376EC00B1E002 /* EssentialApp.app */;
			productType = "com.apple.product-type.application";
		};
		72989395252376ED00B1E002 /* EssentialAppTests */ = {
			isa = PBXNativeTarget;
			buildConfigurationList = 729893A2252376EE00B1E002 /* Build configuration list for PBXNativeTarget "EssentialAppTests" */;
			buildPhases = (
				72989392252376ED00B1E002 /* Sources */,
				72989393252376ED00B1E002 /* Frameworks */,
				72989394252376ED00B1E002 /* Resources */,
			);
			buildRules = (
			);
			dependencies = (
				72989398252376ED00B1E002 /* PBXTargetDependency */,
			);
			name = EssentialAppTests;
			productName = EssentialAppTests;
			productReference = 72989396252376ED00B1E002 /* EssentialAppTests.xctest */;
			productType = "com.apple.product-type.bundle.unit-test";
		};
/* End PBXNativeTarget section */

/* Begin PBXProject section */
		72989378252376EC00B1E002 /* Project object */ = {
			isa = PBXProject;
			attributes = {
				LastSwiftUpdateCheck = 1170;
				LastUpgradeCheck = 1170;
				ORGANIZATIONNAME = chihyinwang;
				TargetAttributes = {
					7298937F252376EC00B1E002 = {
						CreatedOnToolsVersion = 11.7;
					};
					72989395252376ED00B1E002 = {
						CreatedOnToolsVersion = 11.7;
						LastSwiftMigration = 1170;
						TestTargetID = 7298937F252376EC00B1E002;
					};
				};
			};
			buildConfigurationList = 7298937B252376EC00B1E002 /* Build configuration list for PBXProject "EssentialApp" */;
			compatibilityVersion = "Xcode 9.3";
			developmentRegion = en;
			hasScannedForEncodings = 0;
			knownRegions = (
				en,
				Base,
			);
			mainGroup = 72989377252376EC00B1E002;
			productRefGroup = 72989381252376EC00B1E002 /* Products */;
			projectDirPath = "";
			projectRoot = "";
			targets = (
				7298937F252376EC00B1E002 /* EssentialApp */,
				72989395252376ED00B1E002 /* EssentialAppTests */,
			);
		};
/* End PBXProject section */

/* Begin PBXResourcesBuildPhase section */
		7298937E252376EC00B1E002 /* Resources */ = {
			isa = PBXResourcesBuildPhase;
			buildActionMask = 2147483647;
			files = (
				72989390252376ED00B1E002 /* LaunchScreen.storyboard in Resources */,
				7298938D252376ED00B1E002 /* Assets.xcassets in Resources */,
			);
			runOnlyForDeploymentPostprocessing = 0;
		};
		72989394252376ED00B1E002 /* Resources */ = {
			isa = PBXResourcesBuildPhase;
			buildActionMask = 2147483647;
			files = (
			);
			runOnlyForDeploymentPostprocessing = 0;
		};
/* End PBXResourcesBuildPhase section */

/* Begin PBXSourcesBuildPhase section */
		7298937C252376EC00B1E002 /* Sources */ = {
			isa = PBXSourcesBuildPhase;
			buildActionMask = 2147483647;
			files = (
				72EAE3A725334146004E37FE /* FeedViewAdapter.swift in Sources */,
				72EAE3A525334146004E37FE /* FeedImageDataLoaderPresentationAdapter.swift in Sources */,
				72358E2B2542D1E600268478 /* CombineHelpers.swift in Sources */,
				72EAE3A425334146004E37FE /* WeakRefVirtualProxy.swift in Sources */,
				72989388252376EC00B1E002 /* ViewController.swift in Sources */,
				72989384252376EC00B1E002 /* AppDelegate.swift in Sources */,
				72989386252376EC00B1E002 /* SceneDelegate.swift in Sources */,
				72EAE3A625334146004E37FE /* FeedLoaderPresentationAdapter.swift in Sources */,
				72EAE3A325334146004E37FE /* FeedUIComposer.swift in Sources */,
			);
			runOnlyForDeploymentPostprocessing = 0;
		};
		72989392252376ED00B1E002 /* Sources */ = {
			isa = PBXSourcesBuildPhase;
			buildActionMask = 2147483647;
			files = (
				723C407E2528A100004245D8 /* SharedTestHelpers.swift in Sources */,
				72EAE3B92533417B004E37FE /* UIButton+TestHelpers.swift in Sources */,
				72EAE3B52533417B004E37FE /* UIControl+TestHelpers.swift in Sources */,
				72EAE3B72533417B004E37FE /* FeedViewController+TestHelpers.swift in Sources */,
				72EAE383252F3836004E37FE /* XCTestCase+FeedImageDataLoader.swift in Sources */,
				72EAE39B25333C68004E37FE /* SceneDelegateTests.swift in Sources */,
				72EAE3B42533417B004E37FE /* FeedViewControllerTests+Assertions.swift in Sources */,
				72EAE381252F37D3004E37FE /* FeedImageDataLoaderSpy.swift in Sources */,
				72349E8D2535FB4600AC04B9 /* InMemoryFeedStore.swift in Sources */,
				72EAE3B62533417B004E37FE /* UIImage+TestHelpers.swift in Sources */,
				72EAE3B82533417B004E37FE /* FeedImageCell+TestHelpers.swift in Sources */,
				72EAE3B32533417B004E37FE /* FeedViewControllerTests+Localization.swift in Sources */,
				72349E8B2535FAEE00AC04B9 /* HTTPClientStub.swift in Sources */,
				72EAE3B22533417B004E37FE /* UIRefreshControl+TestHelpers.swift in Sources */,
				72358E27253DDF5F00268478 /* UIView+TestHelpers.swift in Sources */,
				72EAE3BD25334347004E37FE /* FeedAcceptanceTests.swift in Sources */,
				72EAE3B12533417B004E37FE /* FeedViewControllerTests+LoaderSpy.swift in Sources */,
				72EAE3BB253341A6004E37FE /* FeedUIIntegrationTests.swift in Sources */,
				723C407C2528A0A2004245D8 /* XCTestCase+MemoryLeakTracking.swift in Sources */,
			);
			runOnlyForDeploymentPostprocessing = 0;
		};
/* End PBXSourcesBuildPhase section */

/* Begin PBXTargetDependency section */
		72989398252376ED00B1E002 /* PBXTargetDependency */ = {
			isa = PBXTargetDependency;
			target = 7298937F252376EC00B1E002 /* EssentialApp */;
			targetProxy = 72989397252376ED00B1E002 /* PBXContainerItemProxy */;
		};
/* End PBXTargetDependency section */

/* Begin PBXVariantGroup section */
		7298938E252376ED00B1E002 /* LaunchScreen.storyboard */ = {
			isa = PBXVariantGroup;
			children = (
				7298938F252376ED00B1E002 /* Base */,
			);
			name = LaunchScreen.storyboard;
			sourceTree = "<group>";
		};
/* End PBXVariantGroup section */

/* Begin XCBuildConfiguration section */
		7298939D252376EE00B1E002 /* Debug */ = {
			isa = XCBuildConfiguration;
			buildSettings = {
				ALWAYS_SEARCH_USER_PATHS = NO;
				CLANG_ANALYZER_NONNULL = YES;
				CLANG_ANALYZER_NUMBER_OBJECT_CONVERSION = YES_AGGRESSIVE;
				CLANG_CXX_LANGUAGE_STANDARD = "gnu++14";
				CLANG_CXX_LIBRARY = "libc++";
				CLANG_ENABLE_MODULES = YES;
				CLANG_ENABLE_OBJC_ARC = YES;
				CLANG_ENABLE_OBJC_WEAK = YES;
				CLANG_WARN_BLOCK_CAPTURE_AUTORELEASING = YES;
				CLANG_WARN_BOOL_CONVERSION = YES;
				CLANG_WARN_COMMA = YES;
				CLANG_WARN_CONSTANT_CONVERSION = YES;
				CLANG_WARN_DEPRECATED_OBJC_IMPLEMENTATIONS = YES;
				CLANG_WARN_DIRECT_OBJC_ISA_USAGE = YES_ERROR;
				CLANG_WARN_DOCUMENTATION_COMMENTS = YES;
				CLANG_WARN_EMPTY_BODY = YES;
				CLANG_WARN_ENUM_CONVERSION = YES;
				CLANG_WARN_INFINITE_RECURSION = YES;
				CLANG_WARN_INT_CONVERSION = YES;
				CLANG_WARN_NON_LITERAL_NULL_CONVERSION = YES;
				CLANG_WARN_OBJC_IMPLICIT_RETAIN_SELF = YES;
				CLANG_WARN_OBJC_LITERAL_CONVERSION = YES;
				CLANG_WARN_OBJC_ROOT_CLASS = YES_ERROR;
				CLANG_WARN_RANGE_LOOP_ANALYSIS = YES;
				CLANG_WARN_STRICT_PROTOTYPES = YES;
				CLANG_WARN_SUSPICIOUS_MOVE = YES;
				CLANG_WARN_UNGUARDED_AVAILABILITY = YES_AGGRESSIVE;
				CLANG_WARN_UNREACHABLE_CODE = YES;
				CLANG_WARN__DUPLICATE_METHOD_MATCH = YES;
				COPY_PHASE_STRIP = NO;
				DEBUG_INFORMATION_FORMAT = dwarf;
				ENABLE_STRICT_OBJC_MSGSEND = YES;
				ENABLE_TESTABILITY = YES;
				GCC_C_LANGUAGE_STANDARD = gnu11;
				GCC_DYNAMIC_NO_PIC = NO;
				GCC_NO_COMMON_BLOCKS = YES;
				GCC_OPTIMIZATION_LEVEL = 0;
				GCC_PREPROCESSOR_DEFINITIONS = (
					"DEBUG=1",
					"$(inherited)",
				);
				GCC_WARN_64_TO_32_BIT_CONVERSION = YES;
				GCC_WARN_ABOUT_RETURN_TYPE = YES_ERROR;
				GCC_WARN_UNDECLARED_SELECTOR = YES;
				GCC_WARN_UNINITIALIZED_AUTOS = YES_AGGRESSIVE;
				GCC_WARN_UNUSED_FUNCTION = YES;
				GCC_WARN_UNUSED_VARIABLE = YES;
				IPHONEOS_DEPLOYMENT_TARGET = 13.7;
				MTL_ENABLE_DEBUG_INFO = INCLUDE_SOURCE;
				MTL_FAST_MATH = YES;
				ONLY_ACTIVE_ARCH = YES;
				SDKROOT = iphoneos;
				SWIFT_ACTIVE_COMPILATION_CONDITIONS = DEBUG;
				SWIFT_OPTIMIZATION_LEVEL = "-Onone";
			};
			name = Debug;
		};
		7298939E252376EE00B1E002 /* Release */ = {
			isa = XCBuildConfiguration;
			buildSettings = {
				ALWAYS_SEARCH_USER_PATHS = NO;
				CLANG_ANALYZER_NONNULL = YES;
				CLANG_ANALYZER_NUMBER_OBJECT_CONVERSION = YES_AGGRESSIVE;
				CLANG_CXX_LANGUAGE_STANDARD = "gnu++14";
				CLANG_CXX_LIBRARY = "libc++";
				CLANG_ENABLE_MODULES = YES;
				CLANG_ENABLE_OBJC_ARC = YES;
				CLANG_ENABLE_OBJC_WEAK = YES;
				CLANG_WARN_BLOCK_CAPTURE_AUTORELEASING = YES;
				CLANG_WARN_BOOL_CONVERSION = YES;
				CLANG_WARN_COMMA = YES;
				CLANG_WARN_CONSTANT_CONVERSION = YES;
				CLANG_WARN_DEPRECATED_OBJC_IMPLEMENTATIONS = YES;
				CLANG_WARN_DIRECT_OBJC_ISA_USAGE = YES_ERROR;
				CLANG_WARN_DOCUMENTATION_COMMENTS = YES;
				CLANG_WARN_EMPTY_BODY = YES;
				CLANG_WARN_ENUM_CONVERSION = YES;
				CLANG_WARN_INFINITE_RECURSION = YES;
				CLANG_WARN_INT_CONVERSION = YES;
				CLANG_WARN_NON_LITERAL_NULL_CONVERSION = YES;
				CLANG_WARN_OBJC_IMPLICIT_RETAIN_SELF = YES;
				CLANG_WARN_OBJC_LITERAL_CONVERSION = YES;
				CLANG_WARN_OBJC_ROOT_CLASS = YES_ERROR;
				CLANG_WARN_RANGE_LOOP_ANALYSIS = YES;
				CLANG_WARN_STRICT_PROTOTYPES = YES;
				CLANG_WARN_SUSPICIOUS_MOVE = YES;
				CLANG_WARN_UNGUARDED_AVAILABILITY = YES_AGGRESSIVE;
				CLANG_WARN_UNREACHABLE_CODE = YES;
				CLANG_WARN__DUPLICATE_METHOD_MATCH = YES;
				COPY_PHASE_STRIP = NO;
				DEBUG_INFORMATION_FORMAT = "dwarf-with-dsym";
				ENABLE_NS_ASSERTIONS = NO;
				ENABLE_STRICT_OBJC_MSGSEND = YES;
				GCC_C_LANGUAGE_STANDARD = gnu11;
				GCC_NO_COMMON_BLOCKS = YES;
				GCC_WARN_64_TO_32_BIT_CONVERSION = YES;
				GCC_WARN_ABOUT_RETURN_TYPE = YES_ERROR;
				GCC_WARN_UNDECLARED_SELECTOR = YES;
				GCC_WARN_UNINITIALIZED_AUTOS = YES_AGGRESSIVE;
				GCC_WARN_UNUSED_FUNCTION = YES;
				GCC_WARN_UNUSED_VARIABLE = YES;
				IPHONEOS_DEPLOYMENT_TARGET = 13.7;
				MTL_ENABLE_DEBUG_INFO = NO;
				MTL_FAST_MATH = YES;
				SDKROOT = iphoneos;
				SWIFT_COMPILATION_MODE = wholemodule;
				SWIFT_OPTIMIZATION_LEVEL = "-O";
				VALIDATE_PRODUCT = YES;
			};
			name = Release;
		};
		729893A0252376EE00B1E002 /* Debug */ = {
			isa = XCBuildConfiguration;
			buildSettings = {
				ASSETCATALOG_COMPILER_APPICON_NAME = AppIcon;
				CODE_SIGN_STYLE = Automatic;
				DEVELOPMENT_TEAM = 7L56KQ3ZU2;
				INFOPLIST_FILE = EssentialApp/Info.plist;
				LD_RUNPATH_SEARCH_PATHS = (
					"$(inherited)",
					"@executable_path/Frameworks",
				);
				PRODUCT_BUNDLE_IDENTIFIER = chihyinwang.is.this.EssentialApp;
				PRODUCT_NAME = "$(TARGET_NAME)";
				SWIFT_VERSION = 5.0;
				TARGETED_DEVICE_FAMILY = "1,2";
			};
			name = Debug;
		};
		729893A1252376EE00B1E002 /* Release */ = {
			isa = XCBuildConfiguration;
			buildSettings = {
				ASSETCATALOG_COMPILER_APPICON_NAME = AppIcon;
				CODE_SIGN_STYLE = Automatic;
				DEVELOPMENT_TEAM = 7L56KQ3ZU2;
				INFOPLIST_FILE = EssentialApp/Info.plist;
				LD_RUNPATH_SEARCH_PATHS = (
					"$(inherited)",
					"@executable_path/Frameworks",
				);
				PRODUCT_BUNDLE_IDENTIFIER = chihyinwang.is.this.EssentialApp;
				PRODUCT_NAME = "$(TARGET_NAME)";
				SWIFT_VERSION = 5.0;
				TARGETED_DEVICE_FAMILY = "1,2";
			};
			name = Release;
		};
		729893A3252376EE00B1E002 /* Debug */ = {
			isa = XCBuildConfiguration;
			buildSettings = {
				ALWAYS_EMBED_SWIFT_STANDARD_LIBRARIES = YES;
				BUNDLE_LOADER = "$(TEST_HOST)";
				CLANG_ENABLE_MODULES = YES;
				CODE_SIGN_STYLE = Automatic;
				DEVELOPMENT_TEAM = 7L56KQ3ZU2;
				INFOPLIST_FILE = EssentialAppTests/Info.plist;
				IPHONEOS_DEPLOYMENT_TARGET = 13.7;
				LD_RUNPATH_SEARCH_PATHS = (
					"$(inherited)",
					"@executable_path/Frameworks",
					"@loader_path/Frameworks",
				);
				PRODUCT_BUNDLE_IDENTIFIER = chihyinwang.is.this.EssentialAppTests;
				PRODUCT_NAME = "$(TARGET_NAME)";
				SWIFT_OPTIMIZATION_LEVEL = "-Onone";
				SWIFT_VERSION = 5.0;
				TARGETED_DEVICE_FAMILY = "1,2";
				TEST_HOST = "$(BUILT_PRODUCTS_DIR)/EssentialApp.app/EssentialApp";
			};
			name = Debug;
		};
		729893A4252376EE00B1E002 /* Release */ = {
			isa = XCBuildConfiguration;
			buildSettings = {
				ALWAYS_EMBED_SWIFT_STANDARD_LIBRARIES = YES;
				BUNDLE_LOADER = "$(TEST_HOST)";
				CLANG_ENABLE_MODULES = YES;
				CODE_SIGN_STYLE = Automatic;
				DEVELOPMENT_TEAM = 7L56KQ3ZU2;
				INFOPLIST_FILE = EssentialAppTests/Info.plist;
				IPHONEOS_DEPLOYMENT_TARGET = 13.7;
				LD_RUNPATH_SEARCH_PATHS = (
					"$(inherited)",
					"@executable_path/Frameworks",
					"@loader_path/Frameworks",
				);
				PRODUCT_BUNDLE_IDENTIFIER = chihyinwang.is.this.EssentialAppTests;
				PRODUCT_NAME = "$(TARGET_NAME)";
				SWIFT_VERSION = 5.0;
				TARGETED_DEVICE_FAMILY = "1,2";
				TEST_HOST = "$(BUILT_PRODUCTS_DIR)/EssentialApp.app/EssentialApp";
			};
			name = Release;
		};
/* End XCBuildConfiguration section */

/* Begin XCConfigurationList section */
		7298937B252376EC00B1E002 /* Build configuration list for PBXProject "EssentialApp" */ = {
			isa = XCConfigurationList;
			buildConfigurations = (
				7298939D252376EE00B1E002 /* Debug */,
				7298939E252376EE00B1E002 /* Release */,
			);
			defaultConfigurationIsVisible = 0;
			defaultConfigurationName = Release;
		};
		7298939F252376EE00B1E002 /* Build configuration list for PBXNativeTarget "EssentialApp" */ = {
			isa = XCConfigurationList;
			buildConfigurations = (
				729893A0252376EE00B1E002 /* Debug */,
				729893A1252376EE00B1E002 /* Release */,
			);
			defaultConfigurationIsVisible = 0;
			defaultConfigurationName = Release;
		};
		729893A2252376EE00B1E002 /* Build configuration list for PBXNativeTarget "EssentialAppTests" */ = {
			isa = XCConfigurationList;
			buildConfigurations = (
				729893A3252376EE00B1E002 /* Debug */,
				729893A4252376EE00B1E002 /* Release */,
			);
			defaultConfigurationIsVisible = 0;
			defaultConfigurationName = Release;
		};
/* End XCConfigurationList section */
	};
	rootObject = 72989378252376EC00B1E002 /* Project object */;
}
